<?xml version="1.0" encoding="utf-8"?>
<Project ToolsVersion="4.0" xmlns="http://schemas.microsoft.com/developer/msbuild/2003">
  <ItemGroup>
    <Filter Include="Source Files">
      <UniqueIdentifier>{4FC737F1-C7A5-4376-A066-2A32D752A2FF}</UniqueIdentifier>
      <Extensions>cpp;c;cc;cxx;c++;cppm;ixx;def;odl;idl;hpj;bat;asm;asmx</Extensions>
    </Filter>
    <Filter Include="Header Files">
      <UniqueIdentifier>{93995380-89BD-4b04-88EB-625FBE52EBFB}</UniqueIdentifier>
      <Extensions>h;hh;hpp;hxx;h++;hm;inl;inc;ipp;xsd</Extensions>
    </Filter>
    <Filter Include="Resource Files">
      <UniqueIdentifier>{67DA6AB6-F800-4c08-8B7A-83BB121AAD01}</UniqueIdentifier>
      <Extensions>rc;ico;cur;bmp;dlg;rc2;rct;bin;rgs;gif;jpg;jpeg;jpe;resx;tiff;tif;png;wav;mfcribbon-ms</Extensions>
    </Filter>
    <Filter Include="Source Files\Platform">
      <UniqueIdentifier>{3a006b3c-2c2c-4a44-9838-3e9a482f0f82}</UniqueIdentifier>
    </Filter>
    <Filter Include="Source Files\Platform\core">
      <UniqueIdentifier>{6cd11801-d594-41bc-b3e6-b9f73995b12a}</UniqueIdentifier>
    </Filter>
    <Filter Include="Source Files\Platform\core\WindowManager">
      <UniqueIdentifier>{71e348b4-dc15-4d7c-8303-07fae8debb4d}</UniqueIdentifier>
    </Filter>
    <Filter Include="Source Files\Platform\core\Renderer">
      <UniqueIdentifier>{af33a544-2730-499a-ab92-4cbf6a68eea4}</UniqueIdentifier>
    </Filter>
    <Filter Include="Source Files\Platform\core\Renderer\Materials">
      <UniqueIdentifier>{786bd45a-c750-483c-9d6d-0517380ec011}</UniqueIdentifier>
    </Filter>
    <Filter Include="Source Files\Platform\core\Time">
      <UniqueIdentifier>{67b32ca8-d9f4-414a-a2c8-e64c9ada4d69}</UniqueIdentifier>
    </Filter>
    <Filter Include="Source Files\Platform\core\Services">
      <UniqueIdentifier>{04283fdf-527f-42e0-97ee-7b035a83a5d1}</UniqueIdentifier>
    </Filter>
    <Filter Include="Source Files\Platform\core\Interface">
      <UniqueIdentifier>{d3832058-1de0-427b-b3dd-6d95dca71be9}</UniqueIdentifier>
    </Filter>
    <Filter Include="Source Files\Platform\core\Resources">
      <UniqueIdentifier>{011369d0-4d9e-4cb8-b032-b08005050a03}</UniqueIdentifier>
    </Filter>
    <Filter Include="Source Files\Platform\ogl">
      <UniqueIdentifier>{b79870f0-67d3-4f81-bdfb-adeb8997bd11}</UniqueIdentifier>
    </Filter>
    <Filter Include="Source Files\Platform\vulkan">
      <UniqueIdentifier>{7b144e49-a0b8-44ea-b689-f8d361060c08}</UniqueIdentifier>
    </Filter>
    <Filter Include="Source Files\Platform\dx12">
      <UniqueIdentifier>{b6e7244e-befc-45ed-9cc0-9b3efd5ae969}</UniqueIdentifier>
    </Filter>
    <Filter Include="Source Files\Platform\ogl\Renderer">
      <UniqueIdentifier>{df5266d7-69f7-45d5-bbdb-dd3aefbe3983}</UniqueIdentifier>
    </Filter>
    <Filter Include="Source Files\Platform\core\Renderer\RenderBlock">
      <UniqueIdentifier>{947a8721-87bd-492d-b3b2-d687e79cf67f}</UniqueIdentifier>
    </Filter>
    <Filter Include="Source Files\Platform\core\Renderer\Pipeline">
      <UniqueIdentifier>{4e051372-6980-411b-8a38-9d128ce846aa}</UniqueIdentifier>
    </Filter>
    <Filter Include="Source Files\Platform\core\Renderer\Geometry">
      <UniqueIdentifier>{03a0f724-4c57-43a1-b54a-cf82d6033469}</UniqueIdentifier>
    </Filter>
    <Filter Include="Source Files\Platform\core\Renderer\Lighting">
      <UniqueIdentifier>{380b174d-fc8a-4950-b87c-9c6f7c2d9cec}</UniqueIdentifier>
    </Filter>
    <Filter Include="Source Files\Platform\core\Renderer\Animation">
      <UniqueIdentifier>{e3a29703-7b3e-4e06-8ad0-f2d40481d183}</UniqueIdentifier>
    </Filter>
    <Filter Include="Source Files\Platform\core\Renderer\Core">
      <UniqueIdentifier>{b14608d1-0a63-44d2-8b2f-613ceb08d2fe}</UniqueIdentifier>
    </Filter>
    <Filter Include="Source Files\Platform\vulkan\Renderer">
      <UniqueIdentifier>{0cced42a-21fe-4596-b1ef-6c362eed1ada}</UniqueIdentifier>
    </Filter>
    <Filter Include="Source Files\Platform\ogl\WindowManager">
      <UniqueIdentifier>{8cf875ea-422a-4993-976e-70f5eca412fe}</UniqueIdentifier>
    </Filter>
    <Filter Include="Source Files\Platform\vulkan\WindowManager">
      <UniqueIdentifier>{dd9ee04b-6bc4-43a6-8e7e-d5cc40f3ca4d}</UniqueIdentifier>
    </Filter>
  </ItemGroup>
  <ItemGroup>
    <ClInclude Include="framework.h">
      <Filter>Header Files</Filter>
    </ClInclude>
    <ClInclude Include="pch.h">
      <Filter>Header Files</Filter>
    </ClInclude>
    <ClInclude Include="..\..\source\Lemonade.h">
      <Filter>Source Files</Filter>
    </ClInclude>
    <ClInclude Include="..\..\source\LCommon.h">
      <Filter>Source Files</Filter>
    </ClInclude>
    <ClInclude Include="..\..\source\platform\core\Renderer\Transform.h">
      <Filter>Source Files\Platform\core\Renderer</Filter>
    </ClInclude>
    <ClInclude Include="..\..\source\platform\core\LObject.h">
      <Filter>Source Files\Platform\core</Filter>
    </ClInclude>
    <ClInclude Include="..\..\source\platform\core\Time\Time.h">
      <Filter>Source Files\Platform\core\Time</Filter>
    </ClInclude>
    <ClInclude Include="..\..\source\platform\core\Services\LService.h">
      <Filter>Source Files\Platform\core\Services</Filter>
    </ClInclude>
    <ClInclude Include="..\..\source\platform\core\Services\Services.h">
      <Filter>Source Files\Platform\core\Services</Filter>
    </ClInclude>
    <ClInclude Include="..\..\source\platform\core\Interface\IManagedObject.h">
      <Filter>Source Files\Platform\core\Interface</Filter>
    </ClInclude>
    <ClInclude Include="..\..\source\platform\core\Resources\GraphicsResources.h">
      <Filter>Source Files\Platform\core\Resources</Filter>
    </ClInclude>
    <ClInclude Include="..\..\source\platform\core\Renderer\Materials\ATexture.h">
      <Filter>Source Files\Platform\core\Renderer\Materials</Filter>
    </ClInclude>
    <ClInclude Include="..\..\source\platform\core\Renderer\Materials\TextureType.h">
      <Filter>Source Files\Platform\core\Renderer\Materials</Filter>
    </ClInclude>
    <ClInclude Include="..\..\source\platform\core\Renderer\Materials\TextureUtils.h">
      <Filter>Source Files\Platform\core\Renderer\Materials</Filter>
    </ClInclude>
    <ClInclude Include="..\..\source\platform\ogl\Renderer\Texture.h">
      <Filter>Source Files\Platform\ogl\Renderer</Filter>
    </ClInclude>
    <ClInclude Include="..\..\source\platform\core\Renderer\RenderBlock\ARenderBlock.h">
      <Filter>Source Files\Platform\core\Renderer\RenderBlock</Filter>
    </ClInclude>
    <ClInclude Include="..\..\source\platform\core\Renderer\Pipeline\Renderer.h">
      <Filter>Source Files\Platform\core\Renderer\Pipeline</Filter>
    </ClInclude>
    <ClInclude Include="..\..\source\platform\core\Renderer\Pipeline\Viewport.h">
      <Filter>Source Files\Platform\core\Renderer\Pipeline</Filter>
    </ClInclude>
    <ClInclude Include="..\..\source\platform\core\Renderer\Pipeline\Window.h">
      <Filter>Source Files\Platform\core\Renderer\Pipeline</Filter>
    </ClInclude>
    <ClInclude Include="..\..\source\Platform\Core\WindowManager\AWindow.h">
      <Filter>Source Files\Platform\core\WindowManager</Filter>
    </ClInclude>
    <ClInclude Include="..\..\source\Platform\Core\WindowManager\AWindowManager.h">
      <Filter>Source Files\Platform\core\WindowManager</Filter>
    </ClInclude>
    <ClInclude Include="..\..\source\Platform\Core\Renderer\Pipeline\LCamera.h">
      <Filter>Source Files\Platform\core\Renderer\Pipeline</Filter>
    </ClInclude>
    <ClInclude Include="..\..\source\Platform\Core\Renderer\Core\AGraphicsContext.h">
      <Filter>Source Files\Platform\core\Renderer\Core</Filter>
    </ClInclude>
    <ClInclude Include="..\..\source\Platform\Vulkan\Renderer\LVulkanDevice.h">
      <Filter>Source Files\Platform\vulkan\Renderer</Filter>
    </ClInclude>
    <ClInclude Include="..\..\source\Platform\Vulkan\WindowManager\LWindowManager.h">
      <Filter>Source Files\Platform\vulkan\WindowManager</Filter>
    </ClInclude>
    <ClInclude Include="..\..\source\Platform\Vulkan\WindowManager\LWindow.h">
      <Filter>Source Files\Platform\vulkan\WindowManager</Filter>
    </ClInclude>
  </ItemGroup>
  <ItemGroup>
    <ClCompile Include="dllmain.cpp">
      <Filter>Source Files</Filter>
    </ClCompile>
    <ClCompile Include="pch.cpp">
      <Filter>Source Files</Filter>
    </ClCompile>
    <ClCompile Include="..\..\source\platform\core\Renderer\Tansform.cpp">
      <Filter>Source Files\Platform\core\Renderer</Filter>
    </ClCompile>
    <ClCompile Include="..\..\source\platform\core\Services\Services.cpp">
      <Filter>Source Files\Platform\core\Services</Filter>
    </ClCompile>
    <ClCompile Include="..\..\source\platform\core\Time\Time.cpp">
      <Filter>Source Files\Platform\core\Time</Filter>
    </ClCompile>
    <ClCompile Include="..\..\source\platform\core\Renderer\Materials\TextureType.cpp">
      <Filter>Source Files\Platform\core\Renderer\Materials</Filter>
    </ClCompile>
    <ClCompile Include="..\..\source\platform\core\Renderer\Materials\ATexture.cpp">
      <Filter>Source Files\Platform\core\Renderer\Materials</Filter>
    </ClCompile>
    <ClCompile Include="..\..\source\platform\ogl\Renderer\Texture.cpp">
      <Filter>Source Files\Platform\ogl\Renderer</Filter>
    </ClCompile>
    <ClCompile Include="..\..\source\platform\core\Renderer\Pipeline\Renderer.cpp">
      <Filter>Source Files\Platform\core\Renderer\Pipeline</Filter>
    </ClCompile>
    <ClCompile Include="..\..\source\platform\core\Renderer\Pipeline\Viewport.cpp">
      <Filter>Source Files\Platform\core\Renderer\Pipeline</Filter>
    </ClCompile>
    <ClCompile Include="..\..\source\platform\core\Renderer\Pipeline\Window.cpp">
      <Filter>Source Files\Platform\core\Renderer\Pipeline</Filter>
    </ClCompile>
    <ClCompile Include="..\..\source\Platform\Core\WindowManager\AWindow.cpp">
      <Filter>Source Files\Platform\core\WindowManager</Filter>
    </ClCompile>
    <ClCompile Include="..\..\source\Platform\Core\WindowManager\AWindowManager.cpp">
      <Filter>Source Files\Platform\core\WindowManager</Filter>
    </ClCompile>
    <ClCompile Include="..\..\source\Platform\Vulkan\Renderer\LVulkanDevice.cpp">
      <Filter>Source Files\Platform\vulkan\Renderer</Filter>
    </ClCompile>
  </ItemGroup>
  <ItemGroup>
    <None Include="packages.config" />
  </ItemGroup>
</Project>